hash: 75c7ee1fdb954853d3ab8f1b62b85ad7c1a8719da2d2396238f0eba863fb86e0
updated: 2016-06-16T14:14:58.047959949-04:00
imports:
- name: github.com/pkg/errors
  version: ff09b135c25aae272398c51a07235b90a75aa4f0
- name: gopkg.in/yaml.v2
  version: a83829b6f1293c91addabc89d0571c246397bbf4
- name: github.com/urfave/cli
  version: 01857ac33766ce0c93856370626f9799281c14f4
- name: github.com/blang/semver
  version: aea32c919a18e5ef4537bbd283ff29594b1b0165

- name: github.com/satori/go.uuid
  version: 879c5887cd475cd7864858769793b2ceb0d44feb
- name: github.com/stretchr/testify
  version: 890a5c3458b43e6104ff5da8dfa139d013d77544
- name: github.com/ghodss/yaml
  version: bea76d6a4713e18b7f5321a2b020738552def3ea
- name: golang.org/x/sys/windows/registry
  version: 16e60ce6821cc44d9dc924a9f4866ad6ca076ebf

- name: github.com/mongodb/amboy
  version: 79b9bdc3365f66868e4cc357638a2db283389c20
- name: github.com/mongodb/grip
  version: 051b06114735a07f3adbc8b55761d84eb6951d6f
- name: github.com/tychoish/gimlet
  version: 284c3fcf374004b80be297839a0e7d031df50ef5
